
Microsoft Visual Studio Solution File, Format Version 12.00
# Visual Studio Version 16
VisualStudioVersion = 16.0.31729.503
MinimumVisualStudioVersion = 10.0.40219.1
Project("{9A19103F-16F7-4668-BE54-9A1E7A4F7556}") = "MarketManagement", "MarketManagement\MarketManagement.csproj", "{917B5B35-2324-4E9B-AC6F-5349D2FA50AA}"
EndProject
Project("{9A19103F-16F7-4668-BE54-9A1E7A4F7556}") = "API", "API\API.csproj", "{012C0D36-CC71-4B7B-9D9D-B965F437BDCD}"
EndProject
Project("{9A19103F-16F7-4668-BE54-9A1E7A4F7556}") = "SharedClasses", "SharedClasses\SharedClasses.csproj", "{3758E075-4334-42E8-AF30-37662E8452B7}"
EndProject
Project("{FAE04EC0-301F-11D3-BF4B-00C04F79EFBC}") = "Validation.Component", "Validation.Component\Validation.Component.csproj", "{168BB7F4-20EE-43DF-9DD7-959FB4694EC9}"
EndProject
Global
	GlobalSection(SolutionConfigurationPlatforms) = preSolution
		Debug|Any CPU = Debug|Any CPU
		Release|Any CPU = Release|Any CPU
	EndGlobalSection
	GlobalSection(ProjectConfigurationPlatforms) = postSolution
		{917B5B35-2324-4E9B-AC6F-5349D2FA50AA}.Debug|Any CPU.ActiveCfg = Debug|Any CPU
		{917B5B35-2324-4E9B-AC6F-5349D2FA50AA}.Debug|Any CPU.Build.0 = Debug|Any CPU
		{917B5B35-2324-4E9B-AC6F-5349D2FA50AA}.Release|Any CPU.ActiveCfg = Release|Any CPU
		{917B5B35-2324-4E9B-AC6F-5349D2FA50AA}.Release|Any CPU.Build.0 = Release|Any CPU
		{012C0D36-CC71-4B7B-9D9D-B965F437BDCD}.Debug|Any CPU.ActiveCfg = Debug|Any CPU
		{012C0D36-CC71-4B7B-9D9D-B965F437BDCD}.Debug|Any CPU.Build.0 = Debug|Any CPU
		{012C0D36-CC71-4B7B-9D9D-B965F437BDCD}.Release|Any CPU.ActiveCfg = Release|Any CPU
		{012C0D36-CC71-4B7B-9D9D-B965F437BDCD}.Release|Any CPU.Build.0 = Release|Any CPU
		{3758E075-4334-42E8-AF30-37662E8452B7}.Debug|Any CPU.ActiveCfg = Debug|Any CPU
		{3758E075-4334-42E8-AF30-37662E8452B7}.Debug|Any CPU.Build.0 = Debug|Any CPU
		{3758E075-4334-42E8-AF30-37662E8452B7}.Release|Any CPU.ActiveCfg = Release|Any CPU
		{3758E075-4334-42E8-AF30-37662E8452B7}.Release|Any CPU.Build.0 = Release|Any CPU
		{168BB7F4-20EE-43DF-9DD7-959FB4694EC9}.Debug|Any CPU.ActiveCfg = Debug|Any CPU
		{168BB7F4-20EE-43DF-9DD7-959FB4694EC9}.Debug|Any CPU.Build.0 = Debug|Any CPU
		{168BB7F4-20EE-43DF-9DD7-959FB4694EC9}.Release|Any CPU.ActiveCfg = Release|Any CPU
		{168BB7F4-20EE-43DF-9DD7-959FB4694EC9}.Release|Any CPU.Build.0 = Release|Any CPU
	EndGlobalSection
	GlobalSection(SolutionProperties) = preSolution
		HideSolutionNode = FALSE
	EndGlobalSection
	GlobalSection(ExtensibilityGlobals) = postSolution
		SolutionGuid = {6606C2C6-ACB2-4322-A7F2-84B745BAC1E0}
	EndGlobalSection
EndGlobal
